<?xml version="1.0" encoding="utf-8"?>
<Project ToolsVersion="4.0" xmlns="http://schemas.microsoft.com/developer/msbuild/2003">
  <ItemGroup>
    <Filter Include="소스 파일">
      <UniqueIdentifier>{4FC737F1-C7A5-4376-A066-2A32D752A2FF}</UniqueIdentifier>
      <Extensions>cpp;c;cc;cxx;c++;cppm;ixx;def;odl;idl;hpj;bat;asm;asmx</Extensions>
    </Filter>
    <Filter Include="헤더 파일">
      <UniqueIdentifier>{93995380-89BD-4b04-88EB-625FBE52EBFB}</UniqueIdentifier>
      <Extensions>h;hh;hpp;hxx;h++;hm;inl;inc;ipp;xsd</Extensions>
    </Filter>
    <Filter Include="리소스 파일">
      <UniqueIdentifier>{67DA6AB6-F800-4c08-8B7A-83BB121AAD01}</UniqueIdentifier>
      <Extensions>rc;ico;cur;bmp;dlg;rc2;rct;bin;rgs;gif;jpg;jpeg;jpe;resx;tiff;tif;png;wav;mfcribbon-ms</Extensions>
    </Filter>
    <Filter Include="소스 파일\Chap01 C언어 시작하기">
      <UniqueIdentifier>{871870c8-72b4-4003-b838-7d385bfeba0b}</UniqueIdentifier>
    </Filter>
    <Filter Include="소스 파일\Chap02 자료형, 변수, 상수">
      <UniqueIdentifier>{b9679a17-818a-4e55-bf85-15c859d8e118}</UniqueIdentifier>
    </Filter>
    <Filter Include="소스 파일\Chap03 자료의입출력">
      <UniqueIdentifier>{f4915dcc-d047-4df7-b73f-4edf3bcc2cb8}</UniqueIdentifier>
    </Filter>
    <Filter Include="소스 파일\Chap04 연산자">
      <UniqueIdentifier>{ad8db9f1-8b84-40d1-bb77-04a37740bea8}</UniqueIdentifier>
    </Filter>
    <Filter Include="소스 파일\Chap05 if문">
      <UniqueIdentifier>{5b36f356-8e46-4147-ba72-8ae97f0bf976}</UniqueIdentifier>
    </Filter>
    <Filter Include="소스 파일\Chap06 switch문">
      <UniqueIdentifier>{dc62f8a5-a028-427a-9e42-476009d44e95}</UniqueIdentifier>
    </Filter>
    <Filter Include="소스 파일\Chap07 for문">
      <UniqueIdentifier>{ee505ee7-477b-431c-a28c-b5f1d9494edd}</UniqueIdentifier>
    </Filter>
    <Filter Include="소스 파일\Chap08 while문">
      <UniqueIdentifier>{99e4609e-04b7-4a03-9bcb-8a805e111125}</UniqueIdentifier>
    </Filter>
    <Filter Include="소스 파일\Chap09 rand함수">
      <UniqueIdentifier>{d5c41dbb-69d7-4cdf-a32e-41b1b89518ba}</UniqueIdentifier>
    </Filter>
    <Filter Include="소스 파일\Chap10 배열">
      <UniqueIdentifier>{2308ed31-14d3-46bb-b296-3bed56bc7504}</UniqueIdentifier>
    </Filter>
    <Filter Include="소스 파일\Chap11 2차원배열">
      <UniqueIdentifier>{59a9837e-a9ab-4514-9d85-9dc07d5dcb8b}</UniqueIdentifier>
    </Filter>
    <Filter Include="소스 파일\Chap12 함수">
      <UniqueIdentifier>{56702d7d-4236-4a2b-adc6-dc8ca50c0cc5}</UniqueIdentifier>
    </Filter>
    <Filter Include="소스 파일\Chap13 포인터">
      <UniqueIdentifier>{e8254cc7-89b4-4e74-ba8c-3e383e2f8ecc}</UniqueIdentifier>
    </Filter>
    <Filter Include="소스 파일\Chap14 포인터와 배열">
      <UniqueIdentifier>{cf9b07eb-ab9d-4655-8927-09745b431bf2}</UniqueIdentifier>
    </Filter>
    <Filter Include="소스 파일\Chap15 문자열">
      <UniqueIdentifier>{336877e6-0cce-432c-a54e-8aa096325148}</UniqueIdentifier>
    </Filter>
    <Filter Include="소스 파일\Chap16 문자열함수">
      <UniqueIdentifier>{654653b7-9b7c-4e04-a0e1-fb233107de11}</UniqueIdentifier>
    </Filter>
    <Filter Include="소스 파일\Chap17 구조체">
      <UniqueIdentifier>{de35d0d9-7857-49fd-a34c-e83b1a932880}</UniqueIdentifier>
    </Filter>
    <Filter Include="소스 파일\Chap18 파일입출력">
      <UniqueIdentifier>{38b2b3f9-f233-4c8a-9f1a-0db05bcd81a3}</UniqueIdentifier>
    </Filter>
    <Filter Include="소스 파일\Chap19 연결리스트">
      <UniqueIdentifier>{46476bc2-e615-46b2-b328-d9c2587142e8}</UniqueIdentifier>
    </Filter>
    <Filter Include="소스 파일\Chap20 스택">
      <UniqueIdentifier>{ef000ec4-b314-4fd9-88b9-e179f9a89d52}</UniqueIdentifier>
    </Filter>
    <Filter Include="소스 파일\Chap21 큐">
      <UniqueIdentifier>{595fa2ea-b785-40c8-a986-37b139e0fdef}</UniqueIdentifier>
    </Filter>
    <Filter Include="소스 파일\Chap22 재귀함수">
      <UniqueIdentifier>{fa7f42a3-c4fb-4cde-87f8-1c7f007a571a}</UniqueIdentifier>
    </Filter>
    <Filter Include="소스 파일\Chap23 이진검색트리">
      <UniqueIdentifier>{e315efa8-004c-4937-8940-df71a8e0b897}</UniqueIdentifier>
    </Filter>
  </ItemGroup>
  <ItemGroup>
    <ClCompile Include="Ex01_Hello World.c">
      <Filter>소스 파일\Chap01 C언어 시작하기</Filter>
    </ClCompile>
    <ClCompile Include="EX02_판매결과.c">
      <Filter>소스 파일\Chap01 C언어 시작하기</Filter>
    </ClCompile>
    <ClCompile Include="Ex03_알파벳.c">
      <Filter>소스 파일\Chap01 C언어 시작하기</Filter>
    </ClCompile>
    <ClCompile Include="Ex04_주석.c">
      <Filter>소스 파일\Chap01 C언어 시작하기</Filter>
    </ClCompile>
    <ClCompile Include="Ex01_서식문자.c">
      <Filter>소스 파일\Chap02 자료형, 변수, 상수</Filter>
    </ClCompile>
    <ClCompile Include="Ex02_원의 넓이.c">
      <Filter>소스 파일\Chap02 자료형, 변수, 상수</Filter>
    </ClCompile>
    <ClCompile Include="Ex03_사다리꼴.c">
      <Filter>소스 파일\Chap02 자료형, 변수, 상수</Filter>
    </ClCompile>
    <ClCompile Include="Ex04_아스키코드.c">
      <Filter>소스 파일\Chap02 자료형, 변수, 상수</Filter>
    </ClCompile>
    <ClCompile Include="Ex05_상수.c">
      <Filter>소스 파일\Chap02 자료형, 변수, 상수</Filter>
    </ClCompile>
    <ClCompile Include="Ex06_마일to킬로미터.c">
      <Filter>소스 파일\Chap02 자료형, 변수, 상수</Filter>
    </ClCompile>
    <ClCompile Include="Ex07_섭씨to화씨.c">
      <Filter>소스 파일\Chap02 자료형, 변수, 상수</Filter>
    </ClCompile>
    <ClCompile Include="Ex08_성적.c">
      <Filter>소스 파일\Chap02 자료형, 변수, 상수</Filter>
    </ClCompile>
    <ClCompile Include="Ex01_원의넓이_입력.c">
      <Filter>소스 파일\Chap03 자료의입출력</Filter>
    </ClCompile>
    <ClCompile Include="Ex02_사다리꼴_입력.c">
      <Filter>소스 파일\Chap03 자료의입출력</Filter>
    </ClCompile>
    <ClCompile Include="Ex03_아스키코드_입력.c">
      <Filter>소스 파일\Chap03 자료의입출력</Filter>
    </ClCompile>
    <ClCompile Include="Ex04_야드to미터_입력.c">
      <Filter>소스 파일\Chap03 자료의입출력</Filter>
    </ClCompile>
    <ClCompile Include="1번.c">
      <Filter>소스 파일\Chap03 자료의입출력</Filter>
    </ClCompile>
    <ClCompile Include="2번.c">
      <Filter>소스 파일\Chap03 자료의입출력</Filter>
    </ClCompile>
    <ClCompile Include="평균구하기.c">
      <Filter>소스 파일\Chap03 자료의입출력</Filter>
    </ClCompile>
    <ClCompile Include="Ex06_급여계산.c">
      <Filter>소스 파일\Chap03 자료의입출력</Filter>
    </ClCompile>
    <ClCompile Include="Ex01_산술연산자.c">
      <Filter>소스 파일\Chap04 연산자</Filter>
    </ClCompile>
    <ClCompile Include="Ex02_거스름돈계산.c">
      <Filter>소스 파일\Chap04 연산자</Filter>
    </ClCompile>
    <ClCompile Include="Ex03_증감연산자.c">
      <Filter>소스 파일\Chap04 연산자</Filter>
    </ClCompile>
    <ClCompile Include="Ex04_조건연산지.c">
      <Filter>소스 파일\Chap04 연산자</Filter>
    </ClCompile>
    <ClCompile Include="Ex05_형변환연산자.c">
      <Filter>소스 파일\Chap04 연산자</Filter>
    </ClCompile>
    <ClCompile Include="Ex06_sizeof.c">
      <Filter>소스 파일\Chap04 연산자</Filter>
    </ClCompile>
    <ClCompile Include="Ex01_단순if문.c">
      <Filter>소스 파일\Chap05 if문</Filter>
    </ClCompile>
    <ClCompile Include="Ex02_입장료 계산.c">
      <Filter>소스 파일\Chap05 if문</Filter>
    </ClCompile>
    <ClCompile Include="Ex03_대문자변환.c">
      <Filter>소스 파일\Chap05 if문</Filter>
    </ClCompile>
    <ClCompile Include="Ex04_if_else.c">
      <Filter>소스 파일\Chap05 if문</Filter>
    </ClCompile>
    <ClCompile Include="Ex05_짝수홀수판별.c">
      <Filter>소스 파일\Chap05 if문</Filter>
    </ClCompile>
    <ClCompile Include="Ex06_입장여부판별.c">
      <Filter>소스 파일\Chap05 if문</Filter>
    </ClCompile>
    <ClCompile Include="Ex07_몫과나머지.c">
      <Filter>소스 파일\Chap05 if문</Filter>
    </ClCompile>
    <ClCompile Include="Ex08_다중if.c">
      <Filter>소스 파일\Chap05 if문</Filter>
    </ClCompile>
    <ClCompile Include="Ex09_가위바위보출력.c">
      <Filter>소스 파일\Chap05 if문</Filter>
    </ClCompile>
    <ClCompile Include="Ex10_큰수 출력.c">
      <Filter>소스 파일\Chap05 if문</Filter>
    </ClCompile>
    <ClCompile Include="Ex11_메세지출력.c">
      <Filter>소스 파일\Chap05 if문</Filter>
    </ClCompile>
    <ClCompile Include="Ex12_대소문자변환.c">
      <Filter>소스 파일\Chap05 if문</Filter>
    </ClCompile>
    <ClCompile Include="Ex13_3개중최대값 출력.c">
      <Filter>소스 파일\Chap05 if문</Filter>
    </ClCompile>
    <ClCompile Include="1_번.c">
      <Filter>소스 파일\Chap05 if문</Filter>
    </ClCompile>
    <ClCompile Include="2_번.c">
      <Filter>소스 파일\Chap05 if문</Filter>
    </ClCompile>
    <ClCompile Include="3_번.c">
      <Filter>소스 파일\Chap05 if문</Filter>
    </ClCompile>
    <ClCompile Include="4_번.c">
      <Filter>소스 파일\Chap05 if문</Filter>
    </ClCompile>
    <ClCompile Include="Ex14_if문의 중첩.c">
      <Filter>소스 파일\Chap05 if문</Filter>
    </ClCompile>
    <ClCompile Include="Ex_15_성적.c">
      <Filter>소스 파일\Chap05 if문</Filter>
    </ClCompile>
    <ClCompile Include="Ex01_switch문.c">
      <Filter>소스 파일\Chap06 switch문</Filter>
    </ClCompile>
    <ClCompile Include="Ex02_switch문_2.c">
      <Filter>소스 파일\Chap06 switch문</Filter>
    </ClCompile>
    <ClCompile Include="Ex03_switch문_짝홀.c">
      <Filter>소스 파일\Chap06 switch문</Filter>
    </ClCompile>
    <ClCompile Include="Ex04_switch자음모음판별.c">
      <Filter>소스 파일\Chap06 switch문</Filter>
    </ClCompile>
    <ClCompile Include="Ex_05_switch문_성적계산.c">
      <Filter>소스 파일\Chap06 switch문</Filter>
    </ClCompile>
    <ClCompile Include="Ex01_for문.c">
      <Filter>소스 파일\Chap07 for문</Filter>
    </ClCompile>
    <ClCompile Include="Ex02_이중for문.c">
      <Filter>소스 파일\Chap07 for문</Filter>
    </ClCompile>
    <ClCompile Include="Ex03_구구단.c">
      <Filter>소스 파일\Chap07 for문</Filter>
    </ClCompile>
    <ClCompile Include="Ex04_별찍기.c">
      <Filter>소스 파일\Chap07 for문</Filter>
    </ClCompile>
    <ClCompile Include="Ex01.c">
      <Filter>소스 파일\Chap07 for문</Filter>
    </ClCompile>
    <ClCompile Include="Ex02.c">
      <Filter>소스 파일\Chap07 for문</Filter>
    </ClCompile>
    <ClCompile Include="Ex03.c">
      <Filter>소스 파일\Chap07 for문</Filter>
    </ClCompile>
    <ClCompile Include="Ex04.c">
      <Filter>소스 파일\Chap07 for문</Filter>
    </ClCompile>
    <ClCompile Include="Ex05.c">
      <Filter>소스 파일\Chap07 for문</Filter>
    </ClCompile>
    <ClCompile Include="Ex06.c">
      <Filter>소스 파일\Chap07 for문</Filter>
    </ClCompile>
    <ClCompile Include="Ex05_1부터100까지.c">
      <Filter>소스 파일\Chap07 for문</Filter>
    </ClCompile>
    <ClCompile Include="Ex06_별찍기.c">
      <Filter>소스 파일\Chap07 for문</Filter>
    </ClCompile>
    <ClCompile Include="Ex01_while문.c">
      <Filter>소스 파일\Chap08 while문</Filter>
    </ClCompile>
    <ClCompile Include="Ex02.break_continue.c">
      <Filter>소스 파일\Chap08 while문</Filter>
    </ClCompile>
    <ClCompile Include="Ex03_범위의수입력.c">
      <Filter>소스 파일\Chap08 while문</Filter>
    </ClCompile>
    <ClCompile Include="Ex04_정수의합.c">
      <Filter>소스 파일\Chap08 while문</Filter>
    </ClCompile>
    <ClCompile Include="Ex05_버퍼.c">
      <Filter>소스 파일\Chap08 while문</Filter>
    </ClCompile>
    <ClCompile Include="Ex06_버퍼1.c">
      <Filter>소스 파일\Chap08 while문</Filter>
    </ClCompile>
    <ClCompile Include="Ex07_제곱근.c">
      <Filter>소스 파일\Chap08 while문</Filter>
    </ClCompile>
    <ClCompile Include="Ex08.시분 입력.c">
      <Filter>소스 파일\Chap08 while문</Filter>
    </ClCompile>
    <ClCompile Include="Ex09_사칙연산.c">
      <Filter>소스 파일\Chap08 while문</Filter>
    </ClCompile>
    <ClCompile Include="Ex01_난수.c">
      <Filter>소스 파일\Chap09 rand함수</Filter>
    </ClCompile>
    <ClCompile Include="Ex02_덧셈프로그램.c">
      <Filter>소스 파일\Chap09 rand함수</Filter>
    </ClCompile>
    <ClCompile Include="250327_Ex01.c">
      <Filter>소스 파일\Chap09 rand함수</Filter>
    </ClCompile>
    <ClCompile Include="250327_Ex02.c">
      <Filter>소스 파일\Chap09 rand함수</Filter>
    </ClCompile>
    <ClCompile Include="250327_Ex03.c">
      <Filter>소스 파일\Chap09 rand함수</Filter>
    </ClCompile>
    <ClCompile Include="250327_Ex04.c">
      <Filter>소스 파일\Chap09 rand함수</Filter>
    </ClCompile>
    <ClCompile Include="덧셈프로그램%281~4%29.c">
      <Filter>소스 파일\Chap09 rand함수</Filter>
    </ClCompile>
    <ClCompile Include="Ex03.가위바위보.c">
      <Filter>소스 파일\Chap09 rand함수</Filter>
    </ClCompile>
    <ClCompile Include="EX04_369.c">
      <Filter>소스 파일\Chap09 rand함수</Filter>
    </ClCompile>
    <ClCompile Include="Ex05_숫자맞추기.c">
      <Filter>소스 파일\Chap09 rand함수</Filter>
    </ClCompile>
    <ClCompile Include="Ex06_소수구하기.c">
      <Filter>소스 파일\Chap09 rand함수</Filter>
    </ClCompile>
    <ClCompile Include="Ex07.범위의 소수.c">
      <Filter>소스 파일\Chap09 rand함수</Filter>
    </ClCompile>
    <ClCompile Include="Ex01_배열.c">
      <Filter>소스 파일\Chap10 배열</Filter>
    </ClCompile>
    <ClCompile Include="Ex02_최대값.c">
      <Filter>소스 파일\Chap10 배열</Filter>
    </ClCompile>
    <ClCompile Include="Ex03_랜덤알파벳.c">
      <Filter>소스 파일\Chap10 배열</Filter>
    </ClCompile>
    <ClCompile Include="EX04_순위구하기.c">
      <Filter>소스 파일\Chap10 배열</Filter>
    </ClCompile>
    <ClCompile Include="Ex05_배열 초기화.c">
      <Filter>소스 파일\Chap10 배열</Filter>
    </ClCompile>
    <ClCompile Include="250403_Ex01.c">
      <Filter>소스 파일\Chap10 배열</Filter>
    </ClCompile>
    <ClCompile Include="250403_Ex02.c">
      <Filter>소스 파일\Chap10 배열</Filter>
    </ClCompile>
    <ClCompile Include="250403_Ex03.c">
      <Filter>소스 파일\Chap10 배열</Filter>
    </ClCompile>
    <ClCompile Include="250403_Ex04.c">
      <Filter>소스 파일\Chap10 배열</Filter>
    </ClCompile>
    <ClCompile Include="Ex06_정렬.c">
      <Filter>소스 파일\Chap10 배열</Filter>
    </ClCompile>
    <ClCompile Include="Ex07_역순저장.c">
      <Filter>소스 파일\Chap10 배열</Filter>
    </ClCompile>
    <ClCompile Include="Ex08_윤년판별.c">
      <Filter>소스 파일\Chap10 배열</Filter>
    </ClCompile>
    <ClCompile Include="Ex09_100일계산.c">
      <Filter>소스 파일\Chap10 배열</Filter>
    </ClCompile>
    <ClCompile Include="Ex01_다차원배열.c">
      <Filter>소스 파일\Chap11 2차원배열</Filter>
    </ClCompile>
    <ClCompile Include="Ex02_구간의 합.c">
      <Filter>소스 파일\Chap11 2차원배열</Filter>
    </ClCompile>
    <ClCompile Include="Ex03_중복제거숫자.c">
      <Filter>소스 파일\Chap11 2차원배열</Filter>
    </ClCompile>
    <ClCompile Include="Ex04_수직막대그래프.c">
      <Filter>소스 파일\Chap11 2차원배열</Filter>
    </ClCompile>
    <ClCompile Include="Ex01_함수.c">
      <Filter>소스 파일\Chap12 함수</Filter>
    </ClCompile>
    <ClCompile Include="Ex02_인수.c">
      <Filter>소스 파일\Chap12 함수</Filter>
    </ClCompile>
    <ClCompile Include="Ex03.리턴.c">
      <Filter>소스 파일\Chap12 함수</Filter>
    </ClCompile>
    <ClCompile Include="Ex04_문자판별함수.c">
      <Filter>소스 파일\Chap12 함수</Filter>
    </ClCompile>
    <ClCompile Include="250410_Ex01.c">
      <Filter>소스 파일\Chap12 함수</Filter>
    </ClCompile>
    <ClCompile Include="Ex01_포인터.c">
      <Filter>소스 파일\Chap13 포인터</Filter>
    </ClCompile>
    <ClCompile Include="Ex02_call by reference.c">
      <Filter>소스 파일\Chap13 포인터</Filter>
    </ClCompile>
    <ClCompile Include="Ex03_call by reference, return.c">
      <Filter>소스 파일\Chap13 포인터</Filter>
    </ClCompile>
    <ClCompile Include="Ex04_포인터의 활용.c">
      <Filter>소스 파일\Chap13 포인터</Filter>
    </ClCompile>
    <ClCompile Include="Ex05_포인터의 활용_1.c">
      <Filter>소스 파일\Chap13 포인터</Filter>
    </ClCompile>
    <ClCompile Include="Ex06_삼각형.c">
      <Filter>소스 파일\Chap13 포인터</Filter>
    </ClCompile>
    <ClCompile Include="Ex05_지역변수와 전역변수.c">
      <Filter>소스 파일\Chap12 함수</Filter>
    </ClCompile>
    <ClCompile Include="Ex06_정적변수.c">
      <Filter>소스 파일\Chap12 함수</Filter>
    </ClCompile>
    <ClCompile Include="Ex01_포인터와 배열.c">
      <Filter>소스 파일\Chap14 포인터와 배열</Filter>
    </ClCompile>
    <ClCompile Include="Ex02_포인터와 배열_1.c">
      <Filter>소스 파일\Chap14 포인터와 배열</Filter>
    </ClCompile>
    <ClCompile Include="Ex03_포인터와 배열_2.c">
      <Filter>소스 파일\Chap14 포인터와 배열</Filter>
    </ClCompile>
    <ClCompile Include="Ex04_랜덤 짝궁 정하기.c">
      <Filter>소스 파일\Chap14 포인터와 배열</Filter>
    </ClCompile>
    <ClCompile Include="Ex05_숨겨진 숫자찾기.c">
      <Filter>소스 파일\Chap14 포인터와 배열</Filter>
    </ClCompile>
    <ClCompile Include="250415_Ex01.c">
      <Filter>소스 파일\Chap14 포인터와 배열</Filter>
    </ClCompile>
    <ClCompile Include="Ex01_문자열상수.c">
      <Filter>소스 파일\Chap15 문자열</Filter>
    </ClCompile>
    <ClCompile Include="Ex02_문자열 입력함수.c">
      <Filter>소스 파일\Chap15 문자열</Filter>
    </ClCompile>
    <ClCompile Include="Ex03_문자변환.c">
      <Filter>소스 파일\Chap15 문자열</Filter>
    </ClCompile>
    <ClCompile Include="Ex04_문자개수카운트.c">
      <Filter>소스 파일\Chap15 문자열</Filter>
    </ClCompile>
    <ClCompile Include="Ex05_숫자형태의 문자.c">
      <Filter>소스 파일\Chap15 문자열</Filter>
    </ClCompile>
    <ClCompile Include="Ex06_100점 인생.c">
      <Filter>소스 파일\Chap15 문자열</Filter>
    </ClCompile>
    <ClCompile Include="Ex07_알파벳 개수.c">
      <Filter>소스 파일\Chap15 문자열</Filter>
    </ClCompile>
    <ClCompile Include="Ex08.주민등록번호체크.c">
      <Filter>소스 파일\Chap15 문자열</Filter>
    </ClCompile>
    <ClCompile Include="Ex01_strlen함수.c">
      <Filter>소스 파일\Chap16 문자열함수</Filter>
    </ClCompile>
    <ClCompile Include="Ex02_strcpy함수.c">
      <Filter>소스 파일\Chap16 문자열함수</Filter>
    </ClCompile>
    <ClCompile Include="Ex03_strcat함수.c">
      <Filter>소스 파일\Chap16 문자열함수</Filter>
    </ClCompile>
    <ClCompile Include="Ex01_구조체.c">
      <Filter>소스 파일\Chap17 구조체</Filter>
    </ClCompile>
    <ClCompile Include="Ex02_구조체배열.c">
      <Filter>소스 파일\Chap17 구조체</Filter>
    </ClCompile>
    <ClCompile Include="Ex03_도서관리프로그램.c">
      <Filter>소스 파일\Chap17 구조체</Filter>
    </ClCompile>
    <ClCompile Include="Ex04_학생 점수 관리 프로그램.c">
      <Filter>소스 파일\Chap17 구조체</Filter>
    </ClCompile>
    <ClCompile Include="Ex05_구조체와 포인터.c">
      <Filter>소스 파일\Chap17 구조체</Filter>
    </ClCompile>
    <ClCompile Include="Ex06_구조체배열 포인터.c">
      <Filter>소스 파일\Chap17 구조체</Filter>
    </ClCompile>
    <ClCompile Include="250424_Ex01.c">
      <Filter>소스 파일\Chap17 구조체</Filter>
    </ClCompile>
    <ClCompile Include="Ex07_전화번호부.c">
      <Filter>소스 파일\Chap17 구조체</Filter>
    </ClCompile>
    <ClCompile Include="Ex08_학생성적관리.c">
      <Filter>소스 파일\Chap17 구조체</Filter>
    </ClCompile>
    <ClCompile Include="Ex01_파일입출력.c">
      <Filter>소스 파일\Chap18 파일입출력</Filter>
    </ClCompile>
    <ClCompile Include="Ex02_fputc.c">
      <Filter>소스 파일\Chap18 파일입출력</Filter>
    </ClCompile>
    <ClCompile Include="Ex03_fgetc.c">
      <Filter>소스 파일\Chap18 파일입출력</Filter>
    </ClCompile>
    <ClCompile Include="Ex04_copy.c">
      <Filter>소스 파일\Chap18 파일입출력</Filter>
    </ClCompile>
    <ClCompile Include="Ex05_fgets.c">
      <Filter>소스 파일\Chap18 파일입출력</Filter>
    </ClCompile>
    <ClCompile Include="Ex07_fprintf.c">
      <Filter>소스 파일\Chap18 파일입출력</Filter>
    </ClCompile>
    <ClCompile Include="Ex08_fscanf.c">
      <Filter>소스 파일\Chap18 파일입출력</Filter>
    </ClCompile>
    <ClCompile Include="영어타자연습.c">
      <Filter>소스 파일\Chap18 파일입출력</Filter>
    </ClCompile>
    <ClCompile Include="250522_Ex02.c">
      <Filter>소스 파일\Chap18 파일입출력</Filter>
    </ClCompile>
    <ClCompile Include="250522_Ex03.c">
      <Filter>소스 파일\Chap18 파일입출력</Filter>
    </ClCompile>
    <ClCompile Include="Ex01_단일연결리스트.c">
      <Filter>소스 파일\Chap19 연결리스트</Filter>
    </ClCompile>
    <ClCompile Include="Ex01_malloc.c">
      <Filter>소스 파일\Chap19 연결리스트</Filter>
    </ClCompile>
    <ClCompile Include="전화번호부_단일연결리스트.c">
      <Filter>소스 파일\Chap19 연결리스트</Filter>
    </ClCompile>
    <ClCompile Include="Ex01_배열을 이용한 스택.c">
      <Filter>소스 파일\Chap20 스택</Filter>
    </ClCompile>
    <ClCompile Include="Ex02_연결리스트를 이용한 스택.c">
      <Filter>소스 파일\Chap20 스택</Filter>
    </ClCompile>
    <ClCompile Include="Ex03_진법변환.c">
      <Filter>소스 파일\Chap20 스택</Filter>
    </ClCompile>
    <ClCompile Include="Ex04_후위표기식계산.c">
      <Filter>소스 파일\Chap20 스택</Filter>
    </ClCompile>
    <ClCompile Include="Ex01_배열을 이용한 큐.c">
      <Filter>소스 파일\Chap21 큐</Filter>
    </ClCompile>
    <ClCompile Include="Ex02_연결리스트를 이용한 큐.c">
      <Filter>소스 파일\Chap21 큐</Filter>
    </ClCompile>
    <ClCompile Include="Ex03_회전하는 큐.c">
      <Filter>소스 파일\Chap21 큐</Filter>
    </ClCompile>
    <ClCompile Include="Ex04_요세푸스큐.c">
      <Filter>소스 파일\Chap21 큐</Filter>
    </ClCompile>
    <ClCompile Include="Ex01_재귀함수.c">
      <Filter>소스 파일\Chap22 재귀함수</Filter>
    </ClCompile>
    <ClCompile Include="Ex02_거듭제곱.c">
      <Filter>소스 파일\Chap22 재귀함수</Filter>
    </ClCompile>
    <ClCompile Include="Ex03_피보나치수열.c">
      <Filter>소스 파일\Chap22 재귀함수</Filter>
    </ClCompile>
    <ClCompile Include="Ex04_이진탐색.c">
      <Filter>소스 파일\Chap22 재귀함수</Filter>
    </ClCompile>
    <ClCompile Include="Ex01_이진검색트리.c">
      <Filter>소스 파일\Chap23 이진검색트리</Filter>
    </ClCompile>
  </ItemGroup>
  <ItemGroup>
    <ClInclude Include="myheader.h">
      <Filter>소스 파일</Filter>
    </ClInclude>
  </ItemGroup>
</Project>